
Microsoft Visual Studio Solution File, Format Version 12.00
# Visual Studio 15
VisualStudioVersion = 15.0.28307.1433
MinimumVisualStudioVersion = 10.0.40219.1
Project("{FAE04EC0-301F-11D3-BF4B-00C04F79EFBC}") = "NeoGamesCollectionCSharpDotNet", "NeoGamesCollectionCSharpDotNet\NeoGamesCollectionCSharpDotNet.csproj", "{605BA74B-CFAA-4C72-87F6-8A9777A5A196}"
EndProject
Global
	GlobalSection(SolutionConfigurationPlatforms) = preSolution
		Debug|Any CPU = Debug|Any CPU
		Release|Any CPU = Release|Any CPU
	EndGlobalSection
	GlobalSection(ProjectConfigurationPlatforms) = postSolution
		{605BA74B-CFAA-4C72-87F6-8A9777A5A196}.Debug|Any CPU.ActiveCfg = Debug|Any CPU
		{605BA74B-CFAA-4C72-87F6-8A9777A5A196}.Debug|Any CPU.Build.0 = Debug|Any CPU
		{605BA74B-CFAA-4C72-87F6-8A9777A5A196}.Release|Any CPU.ActiveCfg = Release|Any CPU
		{605BA74B-CFAA-4C72-87F6-8A9777A5A196}.Release|Any CPU.Build.0 = Release|Any CPU
	EndGlobalSection
	GlobalSection(SolutionProperties) = preSolution
		HideSolutionNode = FALSE
	EndGlobalSection
	GlobalSection(ExtensibilityGlobals) = postSolution
		SolutionGuid = {6AEBAD71-92EB-4802-9777-DA9D9060878E}
	EndGlobalSection
EndGlobal
